// !$*UTF8*$!
{
	archiveVersion = 1;
	classes = {
	};
	objectVersion = 77;
	objects = {

/* Begin PBXBuildFile section */
		4BB55AC32F46796E00214921 /* UserbackSDK in Frameworks */ = {isa = PBXBuildFile; productRef = 4BB55AC22F46796E00214921 /* UserbackSDK */; };
/* End PBXBuildFile section */

/* Begin PBXContainerItemProxy section */
		4BB55A742F442FE800214921 /* PBXContainerItemProxy */ = {
			isa = PBXContainerItemProxy;
			containerPortal = 4BB55A5B2F442FE600214921 /* Project object */;
			proxyType = 1;
			remoteGlobalIDString = 4BB55A622F442FE600214921;
			remoteInfo = UserbackSDKExample;
		};
		4BB55A7E2F442FE800214921 /* PBXContainerItemProxy */ = {
			isa = PBXContainerItemProxy;
			containerPortal = 4BB55A5B2F442FE600214921 /* Project object */;
			proxyType = 1;
			remoteGlobalIDString = 4BB55A622F442FE600214921;
			remoteInfo = UserbackSDKExample;
		};
/* End PBXContainerItemProxy section */

/* Begin PBXFileReference section */
		4BB55A632F442FE600214921 /* UserbackSDKExample.app */ = {isa = PBXFileReference; explicitFileType = wrapper.application; includeInIndex = 0; path = UserbackSDKExample.app; sourceTree = BUILT_PRODUCTS_DIR; };
		4BB55A732F442FE800214921 /* UserbackSDKExampleTests.xctest */ = {isa = PBXFileReference; explicitFileType = wrapper.cfbundle; includeInIndex = 0; path = UserbackSDKExampleTests.xctest; sourceTree = BUILT_PRODUCTS_DIR; };
		4BB55A7D2F442FE800214921 /* UserbackSDKExampleUITests.xctest */ = {isa = PBXFileReference; explicitFileType = wrapper.cfbundle; includeInIndex = 0; path = UserbackSDKExampleUITests.xctest; sourceTree = BUILT_PRODUCTS_DIR; };
/* End PBXFileReference section */

/* Begin PBXFileSystemSynchronizedRootGroup section */
		4BB55A652F442FE600214921 /* UserbackSDKExample */ = {
			isa = PBXFileSystemSynchronizedRootGroup;
			path = UserbackSDKExample;
			sourceTree = "<group>";
		};
		4BB55A762F442FE800214921 /* UserbackSDKExampleTests */ = {
			isa = PBXFileSystemSynchronizedRootGroup;
			path = UserbackSDKExampleTests;
			sourceTree = "<group>";
		};
		4BB55A802F442FE800214921 /* UserbackSDKExampleUITests */ = {
			isa = PBXFileSystemSynchronizedRootGroup;
			path = UserbackSDKExampleUITests;
			sourceTree = "<group>";
		};
/* End PBXFileSystemSynchronizedRootGroup section */

/* Begin PBXFrameworksBuildPhase section */
		4BB55A602F442FE600214921 /* Frameworks */ = {
			isa = PBXFrameworksBuildPhase;
			buildActionMask = 2147483647;
			files = (
				4BB55AC32F46796E00214921 /* UserbackSDK in Frameworks */,
			);
			runOnlyForDeploymentPostprocessing = 0;
		};
		4BB55A702F442FE800214921 /* Frameworks */ = {
			isa = PBXFrameworksBuildPhase;
			buildActionMask = 2147483647;
			files = (
			);
			runOnlyForDeploymentPostprocessing = 0;
		};
		4BB55A7A2F442FE800214921 /* Frameworks */ = {
			isa = PBXFrameworksBuildPhase;
			buildActionMask = 2147483647;
			files = (
			);
			runOnlyForDeploymentPostprocessing = 0;
		};
/* End PBXFrameworksBuildPhase section */

/* Begin PBXGroup section */
		4BB55A5A2F442FE600214921 = {
			isa = PBXGroup;
			children = (
				4BB55A652F442FE600214921 /* UserbackSDKExample */,
				4BB55A762F442FE800214921 /* UserbackSDKExampleTests */,
				4BB55A802F442FE800214921 /* UserbackSDKExampleUITests */,
				4BB55A642F442FE600214921 /* Products */,
			);
			sourceTree = "<group>";
		};
		4BB55A642F442FE600214921 /* Products */ = {
			isa = PBXGroup;
			children = (
				4BB55A632F442FE600214921 /* UserbackSDKExample.app */,
				4BB55A732F442FE800214921 /* UserbackSDKExampleTests.xctest */,
				4BB55A7D2F442FE800214921 /* UserbackSDKExampleUITests.xctest */,
			);
			name = Products;
			sourceTree = "<group>";
		};
/* End PBXGroup section */

/* Begin PBXNativeTarget section */
		4BB55A622F442FE600214921 /* UserbackSDKExample */ = {
			isa = PBXNativeTarget;
			buildConfigurationList = 4BB55A872F442FE800214921 /* Build configuration list for PBXNativeTarget "UserbackSDKExample" */;
			buildPhases = (
				4BB55A5F2F442FE600214921 /* Sources */,
				4BB55A602F442FE600214921 /* Frameworks */,
				4BB55A612F442FE600214921 /* Resources */,
			);
			buildRules = (
			);
			dependencies = (
			);
			fileSystemSynchronizedGroups = (
				4BB55A652F442FE600214921 /* UserbackSDKExample */,
			);
			name = UserbackSDKExample;
			packageProductDependencies = (
				4BB55AC22F46796E00214921 /* UserbackSDK */,
			);
			productName = UserbackSDKExample;
			productReference = 4BB55A632F442FE600214921 /* UserbackSDKExample.app */;
			productType = "com.apple.product-type.application";
		};
		4BB55A722F442FE800214921 /* UserbackSDKExampleTests */ = {
			isa = PBXNativeTarget;
			buildConfigurationList = 4BB55A8A2F442FE800214921 /* Build configuration list for PBXNativeTarget "UserbackSDKExampleTests" */;
			buildPhases = (
				4BB55A6F2F442FE800214921 /* Sources */,
				4BB55A702F442FE800214921 /* Frameworks */,
				4BB55A712F442FE800214921 /* Resources */,
			);
			buildRules = (
			);
			dependencies = (
				4BB55A752F442FE800214921 /* PBXTargetDependency */,
			);
			fileSystemSynchronizedGroups = (
				4BB55A762F442FE800214921 /* UserbackSDKExampleTests */,
			);
			name = UserbackSDKExampleTests;
			packageProductDependencies = (
			);
			productName = UserbackSDKExampleTests;
			productReference = 4BB55A732F442FE800214921 /* UserbackSDKExampleTests.xctest */;
			productType = "com.apple.product-type.bundle.unit-test";
		};
		4BB55A7C2F442FE800214921 /* UserbackSDKExampleUITests */ = {
			isa = PBXNativeTarget;
			buildConfigurationList = 4BB55A8D2F442FE800214921 /* Build configuration list for PBXNativeTarget "UserbackSDKExampleUITests" */;
			buildPhases = (
				4BB55A792F442FE800214921 /* Sources */,
				4BB55A7A2F442FE800214921 /* Frameworks */,
				4BB55A7B2F442FE800214921 /* Resources */,
			);
			buildRules = (
			);
			dependencies = (
				4BB55A7F2F442FE800214921 /* PBXTargetDependency */,
			);
			fileSystemSynchronizedGroups = (
				4BB55A802F442FE800214921 /* UserbackSDKExampleUITests */,
			);
			name = UserbackSDKExampleUITests;
			packageProductDependencies = (
			);
			productName = UserbackSDKExampleUITests;
			productReference = 4BB55A7D2F442FE800214921 /* UserbackSDKExampleUITests.xctest */;
			productType = "com.apple.product-type.bundle.ui-testing";
		};
/* End PBXNativeTarget section */

/* Begin PBXProject section */
		4BB55A5B2F442FE600214921 /* Project object */ = {
			isa = PBXProject;
			attributes = {
				BuildIndependentTargetsInParallel = 1;
				LastSwiftUpdateCheck = 1620;
				LastUpgradeCheck = 1620;
				TargetAttributes = {
					4BB55A622F442FE600214921 = {
						CreatedOnToolsVersion = 16.2;
					};
					4BB55A722F442FE800214921 = {
						CreatedOnToolsVersion = 16.2;
						TestTargetID = 4BB55A622F442FE600214921;
					};
					4BB55A7C2F442FE800214921 = {
						CreatedOnToolsVersion = 16.2;
						TestTargetID = 4BB55A622F442FE600214921;
					};
				};
			};
			buildConfigurationList = 4BB55A5E2F442FE600214921 /* Build configuration list for PBXProject "UserbackSDKExample" */;
			developmentRegion = en;
			hasScannedForEncodings = 0;
			knownRegions = (
				en,
				Base,
			);
			mainGroup = 4BB55A5A2F442FE600214921;
			minimizedProjectReferenceProxies = 1;
			packageReferences = (
				4BB55AC12F46796E00214921 /* XCLocalSwiftPackageReference "../../../widget-ios" */,
			);
			preferredProjectObjectVersion = 77;
			productRefGroup = 4BB55A642F442FE600214921 /* Products */;
			projectDirPath = "";
			projectRoot = "";
			targets = (
				4BB55A622F442FE600214921 /* UserbackSDKExample */,
				4BB55A722F442FE800214921 /* UserbackSDKExampleTests */,
				4BB55A7C2F442FE800214921 /* UserbackSDKExampleUITests */,
			);
		};
/* End PBXProject section */

/* Begin PBXResourcesBuildPhase section */
		4BB55A612F442FE600214921 /* Resources */ = {
			isa = PBXResourcesBuildPhase;
			buildActionMask = 2147483647;
			files = (
			);
			runOnlyForDeploymentPostprocessing = 0;
		};
		4BB55A712F442FE800214921 /* Resources */ = {
			isa = PBXResourcesBuildPhase;
			buildActionMask = 2147483647;
			files = (
			);
			runOnlyForDeploymentPostprocessing = 0;
		};
		4BB55A7B2F442FE800214921 /* Resources */ = {
			isa = PBXResourcesBuildPhase;
			buildActionMask = 2147483647;
			files = (
			);
			runOnlyForDeploymentPostprocessing = 0;
		};
/* End PBXResourcesBuildPhase section */

/* Begin PBXSourcesBuildPhase section */
		4BB55A5F2F442FE600214921 /* Sources */ = {
			isa = PBXSourcesBuildPhase;
			buildActionMask = 2147483647;
			files = (
			);
			runOnlyForDeploymentPostprocessing = 0;
		};
		4BB55A6F2F442FE800214921 /* Sources */ = {
			isa = PBXSourcesBuildPhase;
			buildActionMask = 2147483647;
			files = (
			);
			runOnlyForDeploymentPostprocessing = 0;
		};
		4BB55A792F442FE800214921 /* Sources */ = {
			isa = PBXSourcesBuildPhase;
			buildActionMask = 2147483647;
			files = (
			);
			runOnlyForDeploymentPostprocessing = 0;
		};
/* End PBXSourcesBuildPhase section */

/* Begin PBXTargetDependency section */
		4BB55A752F442FE800214921 /* PBXTargetDependency */ = {
			isa = PBXTargetDependency;
			target = 4BB55A622F442FE600214921 /* UserbackSDKExample */;
			targetProxy = 4BB55A742F442FE800214921 /* PBXContainerItemProxy */;
		};
		4BB55A7F2F442FE800214921 /* PBXTargetDependency */ = {
			isa = PBXTargetDependency;
			target = 4BB55A622F442FE600214921 /* UserbackSDKExample */;
			targetProxy = 4BB55A7E2F442FE800214921 /* PBXContainerItemProxy */;
		};
/* End PBXTargetDependency section */

/* Begin XCBuildConfiguration section */
		4BB55A852F442FE800214921 /* Debug */ = {
			isa = XCBuildConfiguration;
			buildSettings = {
				ALWAYS_SEARCH_USER_PATHS = NO;
				ASSETCATALOG_COMPILER_GENERATE_SWIFT_ASSET_SYMBOL_EXTENSIONS = YES;
				CLANG_ANALYZER_NONNULL = YES;
				CLANG_ANALYZER_NUMBER_OBJECT_CONVERSION = YES_AGGRESSIVE;
				CLANG_CXX_LANGUAGE_STANDARD = "gnu++20";
				CLANG_ENABLE_MODULES = YES;
				CLANG_ENABLE_OBJC_ARC = YES;
				CLANG_ENABLE_OBJC_WEAK = YES;
				CLANG_WARN_BLOCK_CAPTURE_AUTORELEASING = YES;
				CLANG_WARN_BOOL_CONVERSION = YES;
				CLANG_WARN_COMMA = YES;
				CLANG_WARN_CONSTANT_CONVERSION = YES;
				CLANG_WARN_DEPRECATED_OBJC_IMPLEMENTATIONS = YES;
				CLANG_WARN_DIRECT_OBJC_ISA_USAGE = YES_ERROR;
				CLANG_WARN_DOCUMENTATION_COMMENTS = YES;
				CLANG_WARN_EMPTY_BODY = YES;
				CLANG_WARN_ENUM_CONVERSION = YES;
				CLANG_WARN_INFINITE_RECURSION = YES;
				CLANG_WARN_INT_CONVERSION = YES;
				CLANG_WARN_NON_LITERAL_NULL_CONVERSION = YES;
				CLANG_WARN_OBJC_IMPLICIT_RETAIN_SELF = YES;
				CLANG_WARN_OBJC_LITERAL_CONVERSION = YES;
				CLANG_WARN_OBJC_ROOT_CLASS = YES_ERROR;
				CLANG_WARN_QUOTED_INCLUDE_IN_FRAMEWORK_HEADER = YES;
				CLANG_WARN_RANGE_LOOP_ANALYSIS = YES;
				CLANG_WARN_STRICT_PROTOTYPES = YES;
				CLANG_WARN_SUSPICIOUS_MOVE = YES;
				CLANG_WARN_UNGUARDED_AVAILABILITY = YES_AGGRESSIVE;
				CLANG_WARN_UNREACHABLE_CODE = YES;
				CLANG_WARN__DUPLICATE_METHOD_MATCH = YES;
				COPY_PHASE_STRIP = NO;
				DEBUG_INFORMATION_FORMAT = dwarf;
				ENABLE_STRICT_OBJC_MSGSEND = YES;
				ENABLE_TESTABILITY = YES;
				ENABLE_USER_SCRIPT_SANDBOXING = YES;
				GCC_C_LANGUAGE_STANDARD = gnu17;
				GCC_DYNAMIC_NO_PIC = NO;
				GCC_NO_COMMON_BLOCKS = YES;
				GCC_OPTIMIZATION_LEVEL = 0;
				GCC_PREPROCESSOR_DEFINITIONS = (
					"DEBUG=1",
					"$(inherited)",
				);
				GCC_WARN_64_TO_32_BIT_CONVERSION = YES;
				GCC_WARN_ABOUT_RETURN_TYPE = YES_ERROR;
				GCC_WARN_UNDECLARED_SELECTOR = YES;
				GCC_WARN_UNINITIALIZED_AUTOS = YES_AGGRESSIVE;
				GCC_WARN_UNUSED_FUNCTION = YES;
				GCC_WARN_UNUSED_VARIABLE = YES;
				IPHONEOS_DEPLOYMENT_TARGET = 18.2;
				LOCALIZATION_PREFERS_STRING_CATALOGS = YES;
				MTL_ENABLE_DEBUG_INFO = INCLUDE_SOURCE;
				MTL_FAST_MATH = YES;
				ONLY_ACTIVE_ARCH = YES;
				SDKROOT = iphoneos;
				SWIFT_ACTIVE_COMPILATION_CONDITIONS = "DEBUG $(inherited)";
				SWIFT_OPTIMIZATION_LEVEL = "-Onone";
			};
			name = Debug;
		};
		4BB55A862F442FE800214921 /* Release */ = {
			isa = XCBuildConfiguration;
			buildSettings = {
				ALWAYS_SEARCH_USER_PATHS = NO;
				ASSETCATALOG_COMPILER_GENERATE_SWIFT_ASSET_SYMBOL_EXTENSIONS = YES;
				CLANG_ANALYZER_NONNULL = YES;
				CLANG_ANALYZER_NUMBER_OBJECT_CONVERSION = YES_AGGRESSIVE;
				CLANG_CXX_LANGUAGE_STANDARD = "gnu++20";
				CLANG_ENABLE_MODULES = YES;
				CLANG_ENABLE_OBJC_ARC = YES;
				CLANG_ENABLE_OBJC_WEAK = YES;
				CLANG_WARN_BLOCK_CAPTURE_AUTORELEASING = YES;
				CLANG_WARN_BOOL_CONVERSION = YES;
				CLANG_WARN_COMMA = YES;
				CLANG_WARN_CONSTANT_CONVERSION = YES;
				CLANG_WARN_DEPRECATED_OBJC_IMPLEMENTATIONS = YES;
				CLANG_WARN_DIRECT_OBJC_ISA_USAGE = YES_ERROR;
				CLANG_WARN_DOCUMENTATION_COMMENTS = YES;
				CLANG_WARN_EMPTY_BODY = YES;
				CLANG_WARN_ENUM_CONVERSION = YES;
				CLANG_WARN_INFINITE_RECURSION = YES;
				CLANG_WARN_INT_CONVERSION = YES;
				CLANG_WARN_NON_LITERAL_NULL_CONVERSION = YES;
				CLANG_WARN_OBJC_IMPLICIT_RETAIN_SELF = YES;
				CLANG_WARN_OBJC_LITERAL_CONVERSION = YES;
				CLANG_WARN_OBJC_ROOT_CLASS = YES_ERROR;
				CLANG_WARN_QUOTED_INCLUDE_IN_FRAMEWORK_HEADER = YES;
				CLANG_WARN_RANGE_LOOP_ANALYSIS = YES;
				CLANG_WARN_STRICT_PROTOTYPES = YES;
				CLANG_WARN_SUSPICIOUS_MOVE = YES;
				CLANG_WARN_UNGUARDED_AVAILABILITY = YES_AGGRESSIVE;
				CLANG_WARN_UNREACHABLE_CODE = YES;
				CLANG_WARN__DUPLICATE_METHOD_MATCH = YES;
				COPY_PHASE_STRIP = NO;
				DEBUG_INFORMATION_FORMAT = "dwarf-with-dsym";
				ENABLE_NS_ASSERTIONS = NO;
				ENABLE_STRICT_OBJC_MSGSEND = YES;
				ENABLE_USER_SCRIPT_SANDBOXING = YES;
				GCC_C_LANGUAGE_STANDARD = gnu17;
				GCC_NO_COMMON_BLOCKS = YES;
				GCC_WARN_64_TO_32_BIT_CONVERSION = YES;
				GCC_WARN_ABOUT_RETURN_TYPE = YES_ERROR;
				GCC_WARN_UNDECLARED_SELECTOR = YES;
				GCC_WARN_UNINITIALIZED_AUTOS = YES_AGGRESSIVE;
				GCC_WARN_UNUSED_FUNCTION = YES;
				GCC_WARN_UNUSED_VARIABLE = YES;
				IPHONEOS_DEPLOYMENT_TARGET = 18.2;
				LOCALIZATION_PREFERS_STRING_CATALOGS = YES;
				MTL_ENABLE_DEBUG_INFO = NO;
				MTL_FAST_MATH = YES;
				SDKROOT = iphoneos;
				SWIFT_COMPILATION_MODE = wholemodule;
				VALIDATE_PRODUCT = YES;
			};
			name = Release;
		};
		4BB55A882F442FE800214921 /* Debug */ = {
			isa = XCBuildConfiguration;
			buildSettings = {
				ASSETCATALOG_COMPILER_APPICON_NAME = AppIcon;
				ASSETCATALOG_COMPILER_GLOBAL_ACCENT_COLOR_NAME = AccentColor;
				CODE_SIGN_STYLE = Automatic;
				CURRENT_PROJECT_VERSION = 1;
				DEVELOPMENT_ASSET_PATHS = "\"UserbackSDKExample/Preview Content\"";
				DEVELOPMENT_TEAM = ZCH69475CX;
				ENABLE_PREVIEWS = YES;
				GENERATE_INFOPLIST_FILE = NO;
				INFOPLIST_FILE = Info.plist;
				LD_RUNPATH_SEARCH_PATHS = (
					"$(inherited)",
					"@executable_path/Frameworks",
				);
				MARKETING_VERSION = 1.0;
				PRODUCT_BUNDLE_IDENTIFIER = userback.UserbackSDKExample;
				PRODUCT_NAME = "$(TARGET_NAME)";
				SWIFT_EMIT_LOC_STRINGS = YES;
				SWIFT_VERSION = 5.0;
				TARGETED_DEVICE_FAMILY = "1,2";
			};
			name = Debug;
		};
		4BB55A892F442FE800214921 /* Release */ = {
			isa = XCBuildConfiguration;
			buildSettings = {
				ASSETCATALOG_COMPILER_APPICON_NAME = AppIcon;
				ASSETCATALOG_COMPILER_GLOBAL_ACCENT_COLOR_NAME = AccentColor;
				CODE_SIGN_STYLE = Automatic;
				CURRENT_PROJECT_VERSION = 1;
				DEVELOPMENT_ASSET_PATHS = "\"UserbackSDKExample/Preview Content\"";
				DEVELOPMENT_TEAM = ZCH69475CX;
				ENABLE_PREVIEWS = YES;
				GENERATE_INFOPLIST_FILE = NO;
				INFOPLIST_FILE = Info.plist;
				LD_RUNPATH_SEARCH_PATHS = (
					"$(inherited)",
					"@executable_path/Frameworks",
				);
				MARKETING_VERSION = 1.0;
				PRODUCT_BUNDLE_IDENTIFIER = userback.UserbackSDKExample;
				PRODUCT_NAME = "$(TARGET_NAME)";
				SWIFT_EMIT_LOC_STRINGS = YES;
				SWIFT_VERSION = 5.0;
				TARGETED_DEVICE_FAMILY = "1,2";
			};
			name = Release;
		};
		4BB55A8B2F442FE800214921 /* Debug */ = {
			isa = XCBuildConfiguration;
			buildSettings = {
				BUNDLE_LOADER = "$(TEST_HOST)";
				CODE_SIGN_STYLE = Automatic;
				CURRENT_PROJECT_VERSION = 1;
				DEVELOPMENT_TEAM = ZCH69475CX;
				GENERATE_INFOPLIST_FILE = YES;
				IPHONEOS_DEPLOYMENT_TARGET = 18.2;
				MARKETING_VERSION = 1.0;
				PRODUCT_BUNDLE_IDENTIFIER = userback.UserbackSDKExampleTests;
				PRODUCT_NAME = "$(TARGET_NAME)";
				SWIFT_EMIT_LOC_STRINGS = NO;
				SWIFT_VERSION = 5.0;
				TARGETED_DEVICE_FAMILY = "1,2";
				TEST_HOST = "$(BUILT_PRODUCTS_DIR)/UserbackSDKExample.app/$(BUNDLE_EXECUTABLE_FOLDER_PATH)/UserbackSDKExample";
			};
			name = Debug;
		};
		4BB55A8C2F442FE800214921 /* Release */ = {
			isa = XCBuildConfiguration;
			buildSettings = {
				BUNDLE_LOADER = "$(TEST_HOST)";
				CODE_SIGN_STYLE = Automatic;
				CURRENT_PROJECT_VERSION = 1;
				DEVELOPMENT_TEAM = ZCH69475CX;
				GENERATE_INFOPLIST_FILE = YES;
				IPHONEOS_DEPLOYMENT_TARGET = 18.2;
				MARKETING_VERSION = 1.0;
				PRODUCT_BUNDLE_IDENTIFIER = userback.UserbackSDKExampleTests;
				PRODUCT_NAME = "$(TARGET_NAME)";
				SWIFT_EMIT_LOC_STRINGS = NO;
				SWIFT_VERSION = 5.0;
				TARGETED_DEVICE_FAMILY = "1,2";
				TEST_HOST = "$(BUILT_PRODUCTS_DIR)/UserbackSDKExample.app/$(BUNDLE_EXECUTABLE_FOLDER_PATH)/UserbackSDKExample";
			};
			name = Release;
		};
		4BB55A8E2F442FE800214921 /* Debug */ = {
			isa = XCBuildConfiguration;
			buildSettings = {
				CODE_SIGN_STYLE = Automatic;
				CURRENT_PROJECT_VERSION = 1;
				DEVELOPMENT_TEAM = ZCH69475CX;
				GENERATE_INFOPLIST_FILE = YES;
				MARKETING_VERSION = 1.0;
				PRODUCT_BUNDLE_IDENTIFIER = userback.UserbackSDKExampleUITests;
				PRODUCT_NAME = "$(TARGET_NAME)";
				SWIFT_EMIT_LOC_STRINGS = NO;
				SWIFT_VERSION = 5.0;
				TARGETED_DEVICE_FAMILY = "1,2";
				TEST_TARGET_NAME = UserbackSDKExample;
			};
			name = Debug;
		};
		4BB55A8F2F442FE800214921 /* Release */ = {
			isa = XCBuildConfiguration;
			buildSettings = {
				CODE_SIGN_STYLE = Automatic;
				CURRENT_PROJECT_VERSION = 1;
				DEVELOPMENT_TEAM = ZCH69475CX;
				GENERATE_INFOPLIST_FILE = YES;
				MARKETING_VERSION = 1.0;
				PRODUCT_BUNDLE_IDENTIFIER = userback.UserbackSDKExampleUITests;
				PRODUCT_NAME = "$(TARGET_NAME)";
				SWIFT_EMIT_LOC_STRINGS = NO;
				SWIFT_VERSION = 5.0;
				TARGETED_DEVICE_FAMILY = "1,2";
				TEST_TARGET_NAME = UserbackSDKExample;
			};
			name = Release;
		};
/* End XCBuildConfiguration section */

/* Begin XCConfigurationList section */
		4BB55A5E2F442FE600214921 /* Build configuration list for PBXProject "UserbackSDKExample" */ = {
			isa = XCConfigurationList;
			buildConfigurations = (
				4BB55A852F442FE800214921 /* Debug */,
				4BB55A862F442FE800214921 /* Release */,
			);
			defaultConfigurationIsVisible = 0;
			defaultConfigurationName = Release;
		};
		4BB55A872F442FE800214921 /* Build configuration list for PBXNativeTarget "UserbackSDKExample" */ = {
			isa = XCConfigurationList;
			buildConfigurations = (
				4BB55A882F442FE800214921 /* Debug */,
				4BB55A892F442FE800214921 /* Release */,
			);
			defaultConfigurationIsVisible = 0;
			defaultConfigurationName = Release;
		};
		4BB55A8A2F442FE800214921 /* Build configuration list for PBXNativeTarget "UserbackSDKExampleTests" */ = {
			isa = XCConfigurationList;
			buildConfigurations = (
				4BB55A8B2F442FE800214921 /* Debug */,
				4BB55A8C2F442FE800214921 /* Release */,
			);
			defaultConfigurationIsVisible = 0;
			defaultConfigurationName = Release;
		};
		4BB55A8D2F442FE800214921 /* Build configuration list for PBXNativeTarget "UserbackSDKExampleUITests" */ = {
			isa = XCConfigurationList;
			buildConfigurations = (
				4BB55A8E2F442FE800214921 /* Debug */,
				4BB55A8F2F442FE800214921 /* Release */,
			);
			defaultConfigurationIsVisible = 0;
			defaultConfigurationName = Release;
		};
/* End XCConfigurationList section */

/* Begin XCLocalSwiftPackageReference section */
		4BB55AC12F46796E00214921 /* XCLocalSwiftPackageReference "../../../widget-ios" */ = {
			isa = XCLocalSwiftPackageReference;
			relativePath = "../../../widget-ios";
		};
/* End XCLocalSwiftPackageReference section */

/* Begin XCSwiftPackageProductDependency section */
		4BB55AC22F46796E00214921 /* UserbackSDK */ = {
			isa = XCSwiftPackageProductDependency;
			productName = UserbackSDK;
		};
/* End XCSwiftPackageProductDependency section */
	};
	rootObject = 4BB55A5B2F442FE600214921 /* Project object */;
}
